
Microsoft Visual Studio Solution File, Format Version 12.00
# Visual Studio 15
VisualStudioVersion = 15.0.26730.16
MinimumVisualStudioVersion = 10.0.40219.1
Project("{FAE04EC0-301F-11D3-BF4B-00C04F79EFBC}") = "MaxSequenceOfEqualElements", "MaxSequenceOfEqualElements\MaxSequenceOfEqualElements.csproj", "{101823A7-6290-41E7-9A83-05AAA5CF2581}"
EndProject
Project("{FAE04EC0-301F-11D3-BF4B-00C04F79EFBC}") = "ChangeList", "ChangeList\ChangeList.csproj", "{E133CB5B-E700-45EF-A96F-DD55BD31EE71}"
EndProject
Project("{FAE04EC0-301F-11D3-BF4B-00C04F79EFBC}") = "SearchForANumber", "SearchForANumber\SearchForANumber.csproj", "{EF204311-1342-44E5-8E8F-6ABDC784A633}"
EndProject
Project("{FAE04EC0-301F-11D3-BF4B-00C04F79EFBC}") = "LongestIncreasingSubsequence", "LongestIncreasingSubsequence\LongestIncreasingSubsequence.csproj", "{DA5A36F9-381A-46F1-A4D8-2565FE8B1826}"
EndProject
Project("{FAE04EC0-301F-11D3-BF4B-00C04F79EFBC}") = "SumReversedNumbers", "SumReversedNumbers\SumReversedNumbers.csproj", "{7F2F2C24-97F4-49A2-A7B5-2CB364F573C0}"
EndProject
Project("{FAE04EC0-301F-11D3-BF4B-00C04F79EFBC}") = "BombNumbers", "BombNumbers\BombNumbers.csproj", "{CE56B075-1EB5-4AB9-BA7B-5A58C3214A9F}"
EndProject
Project("{FAE04EC0-301F-11D3-BF4B-00C04F79EFBC}") = "ArrayManipulator", "ArrayManipulator\ArrayManipulator.csproj", "{C38BE40E-4F5A-4F38-916D-43C0961AF802}"
EndProject
Global
	GlobalSection(SolutionConfigurationPlatforms) = preSolution
		Debug|Any CPU = Debug|Any CPU
		Release|Any CPU = Release|Any CPU
	EndGlobalSection
	GlobalSection(ProjectConfigurationPlatforms) = postSolution
		{101823A7-6290-41E7-9A83-05AAA5CF2581}.Debug|Any CPU.ActiveCfg = Debug|Any CPU
		{101823A7-6290-41E7-9A83-05AAA5CF2581}.Debug|Any CPU.Build.0 = Debug|Any CPU
		{101823A7-6290-41E7-9A83-05AAA5CF2581}.Release|Any CPU.ActiveCfg = Release|Any CPU
		{101823A7-6290-41E7-9A83-05AAA5CF2581}.Release|Any CPU.Build.0 = Release|Any CPU
		{E133CB5B-E700-45EF-A96F-DD55BD31EE71}.Debug|Any CPU.ActiveCfg = Debug|Any CPU
		{E133CB5B-E700-45EF-A96F-DD55BD31EE71}.Debug|Any CPU.Build.0 = Debug|Any CPU
		{E133CB5B-E700-45EF-A96F-DD55BD31EE71}.Release|Any CPU.ActiveCfg = Release|Any CPU
		{E133CB5B-E700-45EF-A96F-DD55BD31EE71}.Release|Any CPU.Build.0 = Release|Any CPU
		{EF204311-1342-44E5-8E8F-6ABDC784A633}.Debug|Any CPU.ActiveCfg = Debug|Any CPU
		{EF204311-1342-44E5-8E8F-6ABDC784A633}.Debug|Any CPU.Build.0 = Debug|Any CPU
		{EF204311-1342-44E5-8E8F-6ABDC784A633}.Release|Any CPU.ActiveCfg = Release|Any CPU
		{EF204311-1342-44E5-8E8F-6ABDC784A633}.Release|Any CPU.Build.0 = Release|Any CPU
		{DA5A36F9-381A-46F1-A4D8-2565FE8B1826}.Debug|Any CPU.ActiveCfg = Debug|Any CPU
		{DA5A36F9-381A-46F1-A4D8-2565FE8B1826}.Debug|Any CPU.Build.0 = Debug|Any CPU
		{DA5A36F9-381A-46F1-A4D8-2565FE8B1826}.Release|Any CPU.ActiveCfg = Release|Any CPU
		{DA5A36F9-381A-46F1-A4D8-2565FE8B1826}.Release|Any CPU.Build.0 = Release|Any CPU
		{7F2F2C24-97F4-49A2-A7B5-2CB364F573C0}.Debug|Any CPU.ActiveCfg = Debug|Any CPU
		{7F2F2C24-97F4-49A2-A7B5-2CB364F573C0}.Debug|Any CPU.Build.0 = Debug|Any CPU
		{7F2F2C24-97F4-49A2-A7B5-2CB364F573C0}.Release|Any CPU.ActiveCfg = Release|Any CPU
		{7F2F2C24-97F4-49A2-A7B5-2CB364F573C0}.Release|Any CPU.Build.0 = Release|Any CPU
		{CE56B075-1EB5-4AB9-BA7B-5A58C3214A9F}.Debug|Any CPU.ActiveCfg = Debug|Any CPU
		{CE56B075-1EB5-4AB9-BA7B-5A58C3214A9F}.Debug|Any CPU.Build.0 = Debug|Any CPU
		{CE56B075-1EB5-4AB9-BA7B-5A58C3214A9F}.Release|Any CPU.ActiveCfg = Release|Any CPU
		{CE56B075-1EB5-4AB9-BA7B-5A58C3214A9F}.Release|Any CPU.Build.0 = Release|Any CPU
		{C38BE40E-4F5A-4F38-916D-43C0961AF802}.Debug|Any CPU.ActiveCfg = Debug|Any CPU
		{C38BE40E-4F5A-4F38-916D-43C0961AF802}.Debug|Any CPU.Build.0 = Debug|Any CPU
		{C38BE40E-4F5A-4F38-916D-43C0961AF802}.Release|Any CPU.ActiveCfg = Release|Any CPU
		{C38BE40E-4F5A-4F38-916D-43C0961AF802}.Release|Any CPU.Build.0 = Release|Any CPU
	EndGlobalSection
	GlobalSection(SolutionProperties) = preSolution
		HideSolutionNode = FALSE
	EndGlobalSection
	GlobalSection(ExtensibilityGlobals) = postSolution
		SolutionGuid = {DE4C352F-EDA6-48FE-887B-8898B52693DF}
	EndGlobalSection
EndGlobal
