
Microsoft Visual Studio Solution File, Format Version 12.00
# Visual Studio 15
VisualStudioVersion = 15.0.26730.16
MinimumVisualStudioVersion = 10.0.40219.1
Project("{FAE04EC0-301F-11D3-BF4B-00C04F79EFBC}") = "p01_HelloWorld", "p01_HelloWorld\p01_HelloWorld.csproj", "{F4AE8E06-46D3-46E5-A797-483D733377E2}"
EndProject
Project("{FAE04EC0-301F-11D3-BF4B-00C04F79EFBC}") = "Hello_name", "Hello,name\Hello_name.csproj", "{F6434EA4-ADA9-479B-B9C7-E303955C9155}"
EndProject
Project("{FAE04EC0-301F-11D3-BF4B-00C04F79EFBC}") = "AddTwoNumbers", "AddTwoNumbers\AddTwoNumbers.csproj", "{03AB741E-60D6-40F6-9280-D2984C5209F3}"
EndProject
Project("{FAE04EC0-301F-11D3-BF4B-00C04F79EFBC}") = "Formatting", "Formating\Formatting.csproj", "{8985FDFF-6D26-4B29-83D9-87DC08D4DF6F}"
EndProject
Project("{FAE04EC0-301F-11D3-BF4B-00C04F79EFBC}") = "EmployeeData", "EmployeeData\EmployeeData.csproj", "{9B5D56B0-2A6B-46B1-B3C0-0EFB9C555A04}"
EndProject
Global
	GlobalSection(SolutionConfigurationPlatforms) = preSolution
		Debug|Any CPU = Debug|Any CPU
		Release|Any CPU = Release|Any CPU
	EndGlobalSection
	GlobalSection(ProjectConfigurationPlatforms) = postSolution
		{F4AE8E06-46D3-46E5-A797-483D733377E2}.Debug|Any CPU.ActiveCfg = Debug|Any CPU
		{F4AE8E06-46D3-46E5-A797-483D733377E2}.Debug|Any CPU.Build.0 = Debug|Any CPU
		{F4AE8E06-46D3-46E5-A797-483D733377E2}.Release|Any CPU.ActiveCfg = Release|Any CPU
		{F4AE8E06-46D3-46E5-A797-483D733377E2}.Release|Any CPU.Build.0 = Release|Any CPU
		{F6434EA4-ADA9-479B-B9C7-E303955C9155}.Debug|Any CPU.ActiveCfg = Debug|Any CPU
		{F6434EA4-ADA9-479B-B9C7-E303955C9155}.Debug|Any CPU.Build.0 = Debug|Any CPU
		{F6434EA4-ADA9-479B-B9C7-E303955C9155}.Release|Any CPU.ActiveCfg = Release|Any CPU
		{F6434EA4-ADA9-479B-B9C7-E303955C9155}.Release|Any CPU.Build.0 = Release|Any CPU
		{03AB741E-60D6-40F6-9280-D2984C5209F3}.Debug|Any CPU.ActiveCfg = Debug|Any CPU
		{03AB741E-60D6-40F6-9280-D2984C5209F3}.Debug|Any CPU.Build.0 = Debug|Any CPU
		{03AB741E-60D6-40F6-9280-D2984C5209F3}.Release|Any CPU.ActiveCfg = Release|Any CPU
		{03AB741E-60D6-40F6-9280-D2984C5209F3}.Release|Any CPU.Build.0 = Release|Any CPU
		{8985FDFF-6D26-4B29-83D9-87DC08D4DF6F}.Debug|Any CPU.ActiveCfg = Debug|Any CPU
		{8985FDFF-6D26-4B29-83D9-87DC08D4DF6F}.Debug|Any CPU.Build.0 = Debug|Any CPU
		{8985FDFF-6D26-4B29-83D9-87DC08D4DF6F}.Release|Any CPU.ActiveCfg = Release|Any CPU
		{8985FDFF-6D26-4B29-83D9-87DC08D4DF6F}.Release|Any CPU.Build.0 = Release|Any CPU
		{9B5D56B0-2A6B-46B1-B3C0-0EFB9C555A04}.Debug|Any CPU.ActiveCfg = Debug|Any CPU
		{9B5D56B0-2A6B-46B1-B3C0-0EFB9C555A04}.Debug|Any CPU.Build.0 = Debug|Any CPU
		{9B5D56B0-2A6B-46B1-B3C0-0EFB9C555A04}.Release|Any CPU.ActiveCfg = Release|Any CPU
		{9B5D56B0-2A6B-46B1-B3C0-0EFB9C555A04}.Release|Any CPU.Build.0 = Release|Any CPU
	EndGlobalSection
	GlobalSection(SolutionProperties) = preSolution
		HideSolutionNode = FALSE
	EndGlobalSection
	GlobalSection(ExtensibilityGlobals) = postSolution
		SolutionGuid = {558A71B4-74A8-43BD-983B-1888B9EBD4EA}
	EndGlobalSection
EndGlobal
