
Microsoft Visual Studio Solution File, Format Version 12.00
# Visual Studio 15
VisualStudioVersion = 15.0.26730.16
MinimumVisualStudioVersion = 10.0.40219.1
Project("{FAE04EC0-301F-11D3-BF4B-00C04F79EFBC}") = "p01_DebitCardNumber", "p01_DebitCardNumber\p01_DebitCardNumber.csproj", "{A40CA833-AADF-4144-A65F-9214C67B8ADE}"
EndProject
Project("{FAE04EC0-301F-11D3-BF4B-00C04F79EFBC}") = "p02_RectangleArea", "p02_RectangleArea\p02_RectangleArea.csproj", "{E2F46953-19CB-4CB3-AC5C-D9137675C6D4}"
EndProject
Project("{FAE04EC0-301F-11D3-BF4B-00C04F79EFBC}") = "p03_MilesToKilometers", "p03_MilesToKilometers\p03_MilesToKilometers.csproj", "{605E4CE5-20B5-41A3-AE33-BAC995D1BB92}"
EndProject
Project("{FAE04EC0-301F-11D3-BF4B-00C04F79EFBC}") = "p04_BeverageLabels", "p04_BeverageLabels\p04_BeverageLabels.csproj", "{1F581D76-64C7-4203-9443-7BB072786D2E}"
EndProject
Project("{FAE04EC0-301F-11D3-BF4B-00C04F79EFBC}") = "p05_CharacterStats", "p05_CharacterStats\p05_CharacterStats.csproj", "{3CA2A2E5-21BE-4BE7-B696-B6EA7A039D5A}"
EndProject
Global
	GlobalSection(SolutionConfigurationPlatforms) = preSolution
		Debug|Any CPU = Debug|Any CPU
		Release|Any CPU = Release|Any CPU
	EndGlobalSection
	GlobalSection(ProjectConfigurationPlatforms) = postSolution
		{A40CA833-AADF-4144-A65F-9214C67B8ADE}.Debug|Any CPU.ActiveCfg = Debug|Any CPU
		{A40CA833-AADF-4144-A65F-9214C67B8ADE}.Debug|Any CPU.Build.0 = Debug|Any CPU
		{A40CA833-AADF-4144-A65F-9214C67B8ADE}.Release|Any CPU.ActiveCfg = Release|Any CPU
		{A40CA833-AADF-4144-A65F-9214C67B8ADE}.Release|Any CPU.Build.0 = Release|Any CPU
		{E2F46953-19CB-4CB3-AC5C-D9137675C6D4}.Debug|Any CPU.ActiveCfg = Debug|Any CPU
		{E2F46953-19CB-4CB3-AC5C-D9137675C6D4}.Debug|Any CPU.Build.0 = Debug|Any CPU
		{E2F46953-19CB-4CB3-AC5C-D9137675C6D4}.Release|Any CPU.ActiveCfg = Release|Any CPU
		{E2F46953-19CB-4CB3-AC5C-D9137675C6D4}.Release|Any CPU.Build.0 = Release|Any CPU
		{605E4CE5-20B5-41A3-AE33-BAC995D1BB92}.Debug|Any CPU.ActiveCfg = Debug|Any CPU
		{605E4CE5-20B5-41A3-AE33-BAC995D1BB92}.Debug|Any CPU.Build.0 = Debug|Any CPU
		{605E4CE5-20B5-41A3-AE33-BAC995D1BB92}.Release|Any CPU.ActiveCfg = Release|Any CPU
		{605E4CE5-20B5-41A3-AE33-BAC995D1BB92}.Release|Any CPU.Build.0 = Release|Any CPU
		{1F581D76-64C7-4203-9443-7BB072786D2E}.Debug|Any CPU.ActiveCfg = Debug|Any CPU
		{1F581D76-64C7-4203-9443-7BB072786D2E}.Debug|Any CPU.Build.0 = Debug|Any CPU
		{1F581D76-64C7-4203-9443-7BB072786D2E}.Release|Any CPU.ActiveCfg = Release|Any CPU
		{1F581D76-64C7-4203-9443-7BB072786D2E}.Release|Any CPU.Build.0 = Release|Any CPU
		{3CA2A2E5-21BE-4BE7-B696-B6EA7A039D5A}.Debug|Any CPU.ActiveCfg = Debug|Any CPU
		{3CA2A2E5-21BE-4BE7-B696-B6EA7A039D5A}.Debug|Any CPU.Build.0 = Debug|Any CPU
		{3CA2A2E5-21BE-4BE7-B696-B6EA7A039D5A}.Release|Any CPU.ActiveCfg = Release|Any CPU
		{3CA2A2E5-21BE-4BE7-B696-B6EA7A039D5A}.Release|Any CPU.Build.0 = Release|Any CPU
	EndGlobalSection
	GlobalSection(SolutionProperties) = preSolution
		HideSolutionNode = FALSE
	EndGlobalSection
	GlobalSection(ExtensibilityGlobals) = postSolution
		SolutionGuid = {4129B24F-AB81-4F17-9BE4-14D2C4E1F08B}
	EndGlobalSection
EndGlobal
